// !$*UTF8*$!
{
	archiveVersion = 1;
	classes = {
	};
	objectVersion = 50;
	objects = {

/* Begin PBXBuildFile section */
		A971AF6C2316217700BAA34D /* HomeViewController.swift in Sources */ = {isa = PBXBuildFile; fileRef = A971AF6B2316217700BAA34D /* HomeViewController.swift */; };
		A971AF6E231621B800BAA34D /* HomeView.swift in Sources */ = {isa = PBXBuildFile; fileRef = A971AF6D231621B800BAA34D /* HomeView.swift */; };
		A971AF7223162BD800BAA34D /* HomeCell.swift in Sources */ = {isa = PBXBuildFile; fileRef = A971AF7123162BD800BAA34D /* HomeCell.swift */; };
		A977552D22E5298C00407385 /* Assets.xcassets in Resources */ = {isa = PBXBuildFile; fileRef = A977552C22E5298C00407385 /* Assets.xcassets */; };
		A977553022E5298C00407385 /* LaunchScreen.storyboard in Resources */ = {isa = PBXBuildFile; fileRef = A977552E22E5298C00407385 /* LaunchScreen.storyboard */; };
		A977553B22E5298C00407385 /* ManagerTests.swift in Sources */ = {isa = PBXBuildFile; fileRef = A977553A22E5298C00407385 /* ManagerTests.swift */; };
		A977554622E5298C00407385 /* ManagerUITests.swift in Sources */ = {isa = PBXBuildFile; fileRef = A977554522E5298C00407385 /* ManagerUITests.swift */; };
		A977555522E529D300407385 /* LoginViewController.swift in Sources */ = {isa = PBXBuildFile; fileRef = A977555322E529D300407385 /* LoginViewController.swift */; };
		A977555622E529D300407385 /* AppDelegate.swift in Sources */ = {isa = PBXBuildFile; fileRef = A977555422E529D300407385 /* AppDelegate.swift */; };
		A977555B22E5350000407385 /* PhotoTableViewController.swift in Sources */ = {isa = PBXBuildFile; fileRef = A977555A22E5350000407385 /* PhotoTableViewController.swift */; };
		A977555E22E5359500407385 /* Theme.swift in Sources */ = {isa = PBXBuildFile; fileRef = A977555D22E5359500407385 /* Theme.swift */; };
		A977556022E536A600407385 /* UIColor.swift in Sources */ = {isa = PBXBuildFile; fileRef = A977555F22E536A600407385 /* UIColor.swift */; };
		A977556222E538E800407385 /* LoginView.swift in Sources */ = {isa = PBXBuildFile; fileRef = A977556122E538E800407385 /* LoginView.swift */; };
		A977556422E5547E00407385 /* UITextField.swift in Sources */ = {isa = PBXBuildFile; fileRef = A977556322E5547E00407385 /* UITextField.swift */; };
		A977556622E5681F00407385 /* UIView.swift in Sources */ = {isa = PBXBuildFile; fileRef = A977556522E5681F00407385 /* UIView.swift */; };
		A988D2222317ECA9004EDB42 /* HomeViewTab.swift in Sources */ = {isa = PBXBuildFile; fileRef = A988D2212317ECA9004EDB42 /* HomeViewTab.swift */; };
		A9BA332A22EEA7E6004FCE5E /* ViewController.swift in Sources */ = {isa = PBXBuildFile; fileRef = A9BA332922EEA7E6004FCE5E /* ViewController.swift */; };
		A9BA332C22EEAA25004FCE5E /* Protocols.swift in Sources */ = {isa = PBXBuildFile; fileRef = A9BA332B22EEAA25004FCE5E /* Protocols.swift */; };
		A9DE7DA123231A4800B5EE03 /* CBTabBarButton.swift in Sources */ = {isa = PBXBuildFile; fileRef = A9DE7D9E23231A4800B5EE03 /* CBTabBarButton.swift */; };
		A9DE7DA223231A4800B5EE03 /* BubbleTabBar.swift in Sources */ = {isa = PBXBuildFile; fileRef = A9DE7D9F23231A4800B5EE03 /* BubbleTabBar.swift */; };
		A9DE7DA323231A4800B5EE03 /* BubbleTabBarController.swift in Sources */ = {isa = PBXBuildFile; fileRef = A9DE7DA023231A4800B5EE03 /* BubbleTabBarController.swift */; };
		A9DE7DA523231DEB00B5EE03 /* CustomNavigationBar.swift in Sources */ = {isa = PBXBuildFile; fileRef = A9DE7DA423231DEB00B5EE03 /* CustomNavigationBar.swift */; };
		A9DE7DA92323304E00B5EE03 /* CustomNavigationController.swift in Sources */ = {isa = PBXBuildFile; fileRef = A9DE7DA82323304E00B5EE03 /* CustomNavigationController.swift */; };
		A9DE7DAB2323390200B5EE03 /* PhotoViewController.swift in Sources */ = {isa = PBXBuildFile; fileRef = A9DE7DAA2323390200B5EE03 /* PhotoViewController.swift */; };
		A9DE7DAD2323392500B5EE03 /* PhotoView.swift in Sources */ = {isa = PBXBuildFile; fileRef = A9DE7DAC2323392500B5EE03 /* PhotoView.swift */; };
		A9DE7DB1232351A200B5EE03 /* PhotoCell.swift in Sources */ = {isa = PBXBuildFile; fileRef = A9DE7DB0232351A200B5EE03 /* PhotoCell.swift */; };
		A9DE7DB323235F5400B5EE03 /* CollectionViewHeader.swift in Sources */ = {isa = PBXBuildFile; fileRef = A9DE7DB223235F5400B5EE03 /* CollectionViewHeader.swift */; };
		A9DE7DB92323792E00B5EE03 /* DetailPhotoViewController.swift in Sources */ = {isa = PBXBuildFile; fileRef = A9DE7DB82323792E00B5EE03 /* DetailPhotoViewController.swift */; };
		A9DE7DBB2323795300B5EE03 /* DetailPhotoView.swift in Sources */ = {isa = PBXBuildFile; fileRef = A9DE7DBA2323795300B5EE03 /* DetailPhotoView.swift */; };
		A9DE7DBF2323907C00B5EE03 /* DocumentsViewController.swift in Sources */ = {isa = PBXBuildFile; fileRef = A9DE7DBE2323907C00B5EE03 /* DocumentsViewController.swift */; };
		A9DE7DC1232390A300B5EE03 /* DocumentsView.swift in Sources */ = {isa = PBXBuildFile; fileRef = A9DE7DC0232390A300B5EE03 /* DocumentsView.swift */; };
		A9DE7DC32323978700B5EE03 /* FolderCell.swift in Sources */ = {isa = PBXBuildFile; fileRef = A9DE7DC22323978700B5EE03 /* FolderCell.swift */; };
		A9DE7DC92323BC7000B5EE03 /* EndPointType.swift in Sources */ = {isa = PBXBuildFile; fileRef = A9DE7DC82323BC7000B5EE03 /* EndPointType.swift */; };
		A9DE7DCB2323BCC700B5EE03 /* HTTPMethod.swift in Sources */ = {isa = PBXBuildFile; fileRef = A9DE7DCA2323BCC700B5EE03 /* HTTPMethod.swift */; };
		A9DE7DCD2323BCF800B5EE03 /* HTTPTask.swift in Sources */ = {isa = PBXBuildFile; fileRef = A9DE7DCC2323BCF800B5EE03 /* HTTPTask.swift */; };
		A9DE7DCF2323BDAB00B5EE03 /* ParameterEncoding.swift in Sources */ = {isa = PBXBuildFile; fileRef = A9DE7DCE2323BDAB00B5EE03 /* ParameterEncoding.swift */; };
		A9DE7DD22323BE2700B5EE03 /* NetworkError.swift in Sources */ = {isa = PBXBuildFile; fileRef = A9DE7DD12323BE2700B5EE03 /* NetworkError.swift */; };
		A9DE7DD42323BE7F00B5EE03 /* URLParameterEncoder.swift in Sources */ = {isa = PBXBuildFile; fileRef = A9DE7DD32323BE7F00B5EE03 /* URLParameterEncoder.swift */; };
		A9DE7DD62323C01C00B5EE03 /* JSONParameterEncoder.swift in Sources */ = {isa = PBXBuildFile; fileRef = A9DE7DD52323C01C00B5EE03 /* JSONParameterEncoder.swift */; };
		A9DE7DD82323C0B500B5EE03 /* NetworkRouter.swift in Sources */ = {isa = PBXBuildFile; fileRef = A9DE7DD72323C0B500B5EE03 /* NetworkRouter.swift */; };
		A9DE7DDA2323C13300B5EE03 /* Router.swift in Sources */ = {isa = PBXBuildFile; fileRef = A9DE7DD92323C13300B5EE03 /* Router.swift */; };
		A9DE7DDC2323C5B600B5EE03 /* AuthenticationEndPoint.swift in Sources */ = {isa = PBXBuildFile; fileRef = A9DE7DDB2323C5B600B5EE03 /* AuthenticationEndPoint.swift */; };
		A9DE7DDE2323C5D900B5EE03 /* MovieModel.swift in Sources */ = {isa = PBXBuildFile; fileRef = A9DE7DDD2323C5D900B5EE03 /* MovieModel.swift */; };
		A9DE7DE02323C66C00B5EE03 /* NetworkManager.swift in Sources */ = {isa = PBXBuildFile; fileRef = A9DE7DDF2323C66C00B5EE03 /* NetworkManager.swift */; };
		A9DE7DE22323D4A300B5EE03 /* BasicAuthEncoding.swift in Sources */ = {isa = PBXBuildFile; fileRef = A9DE7DE12323D4A300B5EE03 /* BasicAuthEncoding.swift */; };
		A9DE7DE4232474A000B5EE03 /* Credentials.swift in Sources */ = {isa = PBXBuildFile; fileRef = A9DE7DE3232474A000B5EE03 /* Credentials.swift */; };
		A9DE7DE6232474D400B5EE03 /* KeyChainError.swift in Sources */ = {isa = PBXBuildFile; fileRef = A9DE7DE5232474D400B5EE03 /* KeyChainError.swift */; };
		A9DE7DE8232475B400B5EE03 /* KeyChain.swift in Sources */ = {isa = PBXBuildFile; fileRef = A9DE7DE7232475B400B5EE03 /* KeyChain.swift */; };
		A9DE7DEA23248C3000B5EE03 /* UserDefaults.swift in Sources */ = {isa = PBXBuildFile; fileRef = A9DE7DE923248C3000B5EE03 /* UserDefaults.swift */; };
		A9DE7DEC2324967900B5EE03 /* View.swift in Sources */ = {isa = PBXBuildFile; fileRef = A9DE7DEB2324967900B5EE03 /* View.swift */; };
		A9DE7DEE23249C5500B5EE03 /* FileSystemEndPoint.swift in Sources */ = {isa = PBXBuildFile; fileRef = A9DE7DED23249C5500B5EE03 /* FileSystemEndPoint.swift */; };
		A9DE7DF32324E6A600B5EE03 /* DetailViewTransition.swift in Sources */ = {isa = PBXBuildFile; fileRef = A9DE7DF22324E6A600B5EE03 /* DetailViewTransition.swift */; };
		A9F4036A22F696B900209D17 /* Token.swift in Sources */ = {isa = PBXBuildFile; fileRef = A9F4036922F696B900209D17 /* Token.swift */; };
/* End PBXBuildFile section */

/* Begin PBXContainerItemProxy section */
		A977553722E5298C00407385 /* PBXContainerItemProxy */ = {
			isa = PBXContainerItemProxy;
			containerPortal = A977551A22E5298B00407385 /* Project object */;
			proxyType = 1;
			remoteGlobalIDString = A977552122E5298B00407385;
			remoteInfo = Manager;
		};
		A977554222E5298C00407385 /* PBXContainerItemProxy */ = {
			isa = PBXContainerItemProxy;
			containerPortal = A977551A22E5298B00407385 /* Project object */;
			proxyType = 1;
			remoteGlobalIDString = A977552122E5298B00407385;
			remoteInfo = Manager;
		};
/* End PBXContainerItemProxy section */

/* Begin PBXFileReference section */
		A971AF6B2316217700BAA34D /* HomeViewController.swift */ = {isa = PBXFileReference; lastKnownFileType = sourcecode.swift; path = HomeViewController.swift; sourceTree = "<group>"; };
		A971AF6D231621B800BAA34D /* HomeView.swift */ = {isa = PBXFileReference; lastKnownFileType = sourcecode.swift; path = HomeView.swift; sourceTree = "<group>"; };
		A971AF7123162BD800BAA34D /* HomeCell.swift */ = {isa = PBXFileReference; lastKnownFileType = sourcecode.swift; path = HomeCell.swift; sourceTree = "<group>"; };
		A977552222E5298B00407385 /* Manager.app */ = {isa = PBXFileReference; explicitFileType = wrapper.application; includeInIndex = 0; path = Manager.app; sourceTree = BUILT_PRODUCTS_DIR; };
		A977552C22E5298C00407385 /* Assets.xcassets */ = {isa = PBXFileReference; lastKnownFileType = folder.assetcatalog; path = Assets.xcassets; sourceTree = "<group>"; };
		A977552F22E5298C00407385 /* Base */ = {isa = PBXFileReference; lastKnownFileType = file.storyboard; name = Base; path = Base.lproj/LaunchScreen.storyboard; sourceTree = "<group>"; };
		A977553122E5298C00407385 /* Info.plist */ = {isa = PBXFileReference; lastKnownFileType = text.plist.xml; path = Info.plist; sourceTree = "<group>"; };
		A977553622E5298C00407385 /* ManagerTests.xctest */ = {isa = PBXFileReference; explicitFileType = wrapper.cfbundle; includeInIndex = 0; path = ManagerTests.xctest; sourceTree = BUILT_PRODUCTS_DIR; };
		A977553A22E5298C00407385 /* ManagerTests.swift */ = {isa = PBXFileReference; lastKnownFileType = sourcecode.swift; path = ManagerTests.swift; sourceTree = "<group>"; };
		A977553C22E5298C00407385 /* Info.plist */ = {isa = PBXFileReference; lastKnownFileType = text.plist.xml; path = Info.plist; sourceTree = "<group>"; };
		A977554122E5298C00407385 /* ManagerUITests.xctest */ = {isa = PBXFileReference; explicitFileType = wrapper.cfbundle; includeInIndex = 0; path = ManagerUITests.xctest; sourceTree = BUILT_PRODUCTS_DIR; };
		A977554522E5298C00407385 /* ManagerUITests.swift */ = {isa = PBXFileReference; lastKnownFileType = sourcecode.swift; path = ManagerUITests.swift; sourceTree = "<group>"; };
		A977554722E5298C00407385 /* Info.plist */ = {isa = PBXFileReference; lastKnownFileType = text.plist.xml; path = Info.plist; sourceTree = "<group>"; };
		A977555322E529D300407385 /* LoginViewController.swift */ = {isa = PBXFileReference; fileEncoding = 4; lastKnownFileType = sourcecode.swift; path = LoginViewController.swift; sourceTree = "<group>"; };
		A977555422E529D300407385 /* AppDelegate.swift */ = {isa = PBXFileReference; fileEncoding = 4; lastKnownFileType = sourcecode.swift; path = AppDelegate.swift; sourceTree = "<group>"; };
		A977555A22E5350000407385 /* PhotoTableViewController.swift */ = {isa = PBXFileReference; lastKnownFileType = sourcecode.swift; path = PhotoTableViewController.swift; sourceTree = "<group>"; };
		A977555D22E5359500407385 /* Theme.swift */ = {isa = PBXFileReference; lastKnownFileType = sourcecode.swift; path = Theme.swift; sourceTree = "<group>"; };
		A977555F22E536A600407385 /* UIColor.swift */ = {isa = PBXFileReference; lastKnownFileType = sourcecode.swift; path = UIColor.swift; sourceTree = "<group>"; };
		A977556122E538E800407385 /* LoginView.swift */ = {isa = PBXFileReference; lastKnownFileType = sourcecode.swift; path = LoginView.swift; sourceTree = "<group>"; };
		A977556322E5547E00407385 /* UITextField.swift */ = {isa = PBXFileReference; lastKnownFileType = sourcecode.swift; path = UITextField.swift; sourceTree = "<group>"; };
		A977556522E5681F00407385 /* UIView.swift */ = {isa = PBXFileReference; lastKnownFileType = sourcecode.swift; path = UIView.swift; sourceTree = "<group>"; };
		A988D2212317ECA9004EDB42 /* HomeViewTab.swift */ = {isa = PBXFileReference; lastKnownFileType = sourcecode.swift; path = HomeViewTab.swift; sourceTree = "<group>"; };
		A9BA332922EEA7E6004FCE5E /* ViewController.swift */ = {isa = PBXFileReference; lastKnownFileType = sourcecode.swift; path = ViewController.swift; sourceTree = "<group>"; };
		A9BA332B22EEAA25004FCE5E /* Protocols.swift */ = {isa = PBXFileReference; lastKnownFileType = sourcecode.swift; path = Protocols.swift; sourceTree = "<group>"; };
		A9DE7D9E23231A4800B5EE03 /* CBTabBarButton.swift */ = {isa = PBXFileReference; fileEncoding = 4; lastKnownFileType = sourcecode.swift; path = CBTabBarButton.swift; sourceTree = "<group>"; };
		A9DE7D9F23231A4800B5EE03 /* BubbleTabBar.swift */ = {isa = PBXFileReference; fileEncoding = 4; lastKnownFileType = sourcecode.swift; path = BubbleTabBar.swift; sourceTree = "<group>"; };
		A9DE7DA023231A4800B5EE03 /* BubbleTabBarController.swift */ = {isa = PBXFileReference; fileEncoding = 4; lastKnownFileType = sourcecode.swift; path = BubbleTabBarController.swift; sourceTree = "<group>"; };
		A9DE7DA423231DEB00B5EE03 /* CustomNavigationBar.swift */ = {isa = PBXFileReference; lastKnownFileType = sourcecode.swift; path = CustomNavigationBar.swift; sourceTree = "<group>"; };
		A9DE7DA82323304E00B5EE03 /* CustomNavigationController.swift */ = {isa = PBXFileReference; lastKnownFileType = sourcecode.swift; path = CustomNavigationController.swift; sourceTree = "<group>"; };
		A9DE7DAA2323390200B5EE03 /* PhotoViewController.swift */ = {isa = PBXFileReference; lastKnownFileType = sourcecode.swift; path = PhotoViewController.swift; sourceTree = "<group>"; };
		A9DE7DAC2323392500B5EE03 /* PhotoView.swift */ = {isa = PBXFileReference; lastKnownFileType = sourcecode.swift; path = PhotoView.swift; sourceTree = "<group>"; };
		A9DE7DB0232351A200B5EE03 /* PhotoCell.swift */ = {isa = PBXFileReference; lastKnownFileType = sourcecode.swift; path = PhotoCell.swift; sourceTree = "<group>"; };
		A9DE7DB223235F5400B5EE03 /* CollectionViewHeader.swift */ = {isa = PBXFileReference; lastKnownFileType = sourcecode.swift; path = CollectionViewHeader.swift; sourceTree = "<group>"; };
		A9DE7DB82323792E00B5EE03 /* DetailPhotoViewController.swift */ = {isa = PBXFileReference; lastKnownFileType = sourcecode.swift; path = DetailPhotoViewController.swift; sourceTree = "<group>"; };
		A9DE7DBA2323795300B5EE03 /* DetailPhotoView.swift */ = {isa = PBXFileReference; lastKnownFileType = sourcecode.swift; path = DetailPhotoView.swift; sourceTree = "<group>"; };
		A9DE7DBE2323907C00B5EE03 /* DocumentsViewController.swift */ = {isa = PBXFileReference; lastKnownFileType = sourcecode.swift; path = DocumentsViewController.swift; sourceTree = "<group>"; };
		A9DE7DC0232390A300B5EE03 /* DocumentsView.swift */ = {isa = PBXFileReference; lastKnownFileType = sourcecode.swift; path = DocumentsView.swift; sourceTree = "<group>"; };
		A9DE7DC22323978700B5EE03 /* FolderCell.swift */ = {isa = PBXFileReference; lastKnownFileType = sourcecode.swift; path = FolderCell.swift; sourceTree = "<group>"; };
		A9DE7DC82323BC7000B5EE03 /* EndPointType.swift */ = {isa = PBXFileReference; lastKnownFileType = sourcecode.swift; path = EndPointType.swift; sourceTree = "<group>"; };
		A9DE7DCA2323BCC700B5EE03 /* HTTPMethod.swift */ = {isa = PBXFileReference; lastKnownFileType = sourcecode.swift; path = HTTPMethod.swift; sourceTree = "<group>"; };
		A9DE7DCC2323BCF800B5EE03 /* HTTPTask.swift */ = {isa = PBXFileReference; lastKnownFileType = sourcecode.swift; path = HTTPTask.swift; sourceTree = "<group>"; };
		A9DE7DCE2323BDAB00B5EE03 /* ParameterEncoding.swift */ = {isa = PBXFileReference; lastKnownFileType = sourcecode.swift; path = ParameterEncoding.swift; sourceTree = "<group>"; };
		A9DE7DD12323BE2700B5EE03 /* NetworkError.swift */ = {isa = PBXFileReference; lastKnownFileType = sourcecode.swift; path = NetworkError.swift; sourceTree = "<group>"; };
		A9DE7DD32323BE7F00B5EE03 /* URLParameterEncoder.swift */ = {isa = PBXFileReference; lastKnownFileType = sourcecode.swift; path = URLParameterEncoder.swift; sourceTree = "<group>"; };
		A9DE7DD52323C01C00B5EE03 /* JSONParameterEncoder.swift */ = {isa = PBXFileReference; lastKnownFileType = sourcecode.swift; path = JSONParameterEncoder.swift; sourceTree = "<group>"; };
		A9DE7DD72323C0B500B5EE03 /* NetworkRouter.swift */ = {isa = PBXFileReference; lastKnownFileType = sourcecode.swift; path = NetworkRouter.swift; sourceTree = "<group>"; };
		A9DE7DD92323C13300B5EE03 /* Router.swift */ = {isa = PBXFileReference; lastKnownFileType = sourcecode.swift; path = Router.swift; sourceTree = "<group>"; };
		A9DE7DDB2323C5B600B5EE03 /* AuthenticationEndPoint.swift */ = {isa = PBXFileReference; lastKnownFileType = sourcecode.swift; path = AuthenticationEndPoint.swift; sourceTree = "<group>"; };
		A9DE7DDD2323C5D900B5EE03 /* MovieModel.swift */ = {isa = PBXFileReference; lastKnownFileType = sourcecode.swift; path = MovieModel.swift; sourceTree = "<group>"; };
		A9DE7DDF2323C66C00B5EE03 /* NetworkManager.swift */ = {isa = PBXFileReference; lastKnownFileType = sourcecode.swift; path = NetworkManager.swift; sourceTree = "<group>"; };
		A9DE7DE12323D4A300B5EE03 /* BasicAuthEncoding.swift */ = {isa = PBXFileReference; lastKnownFileType = sourcecode.swift; path = BasicAuthEncoding.swift; sourceTree = "<group>"; };
		A9DE7DE3232474A000B5EE03 /* Credentials.swift */ = {isa = PBXFileReference; lastKnownFileType = sourcecode.swift; path = Credentials.swift; sourceTree = "<group>"; };
		A9DE7DE5232474D400B5EE03 /* KeyChainError.swift */ = {isa = PBXFileReference; lastKnownFileType = sourcecode.swift; path = KeyChainError.swift; sourceTree = "<group>"; };
		A9DE7DE7232475B400B5EE03 /* KeyChain.swift */ = {isa = PBXFileReference; lastKnownFileType = sourcecode.swift; path = KeyChain.swift; sourceTree = "<group>"; };
		A9DE7DE923248C3000B5EE03 /* UserDefaults.swift */ = {isa = PBXFileReference; lastKnownFileType = sourcecode.swift; path = UserDefaults.swift; sourceTree = "<group>"; };
		A9DE7DEB2324967900B5EE03 /* View.swift */ = {isa = PBXFileReference; lastKnownFileType = sourcecode.swift; path = View.swift; sourceTree = "<group>"; };
		A9DE7DED23249C5500B5EE03 /* FileSystemEndPoint.swift */ = {isa = PBXFileReference; lastKnownFileType = sourcecode.swift; path = FileSystemEndPoint.swift; sourceTree = "<group>"; };
		A9DE7DF22324E6A600B5EE03 /* DetailViewTransition.swift */ = {isa = PBXFileReference; lastKnownFileType = sourcecode.swift; path = DetailViewTransition.swift; sourceTree = "<group>"; };
		A9F4036922F696B900209D17 /* Token.swift */ = {isa = PBXFileReference; lastKnownFileType = sourcecode.swift; path = Token.swift; sourceTree = "<group>"; };
/* End PBXFileReference section */

/* Begin PBXFrameworksBuildPhase section */
		A977551F22E5298B00407385 /* Frameworks */ = {
			isa = PBXFrameworksBuildPhase;
			buildActionMask = 2147483647;
			files = (
			);
			runOnlyForDeploymentPostprocessing = 0;
		};
		A977553322E5298C00407385 /* Frameworks */ = {
			isa = PBXFrameworksBuildPhase;
			buildActionMask = 2147483647;
			files = (
			);
			runOnlyForDeploymentPostprocessing = 0;
		};
		A977553E22E5298C00407385 /* Frameworks */ = {
			isa = PBXFrameworksBuildPhase;
			buildActionMask = 2147483647;
			files = (
			);
			runOnlyForDeploymentPostprocessing = 0;
		};
/* End PBXFrameworksBuildPhase section */

/* Begin PBXGroup section */
		A977551922E5298B00407385 = {
			isa = PBXGroup;
			children = (
				A977552422E5298B00407385 /* Manager */,
				A977553922E5298C00407385 /* ManagerTests */,
				A977554422E5298C00407385 /* ManagerUITests */,
				A977552322E5298B00407385 /* Products */,
			);
			sourceTree = "<group>";
		};
		A977552322E5298B00407385 /* Products */ = {
			isa = PBXGroup;
			children = (
				A977552222E5298B00407385 /* Manager.app */,
				A977553622E5298C00407385 /* ManagerTests.xctest */,
				A977554122E5298C00407385 /* ManagerUITests.xctest */,
			);
			name = Products;
			sourceTree = "<group>";
		};
		A977552422E5298B00407385 /* Manager */ = {
			isa = PBXGroup;
			children = (
				A977555A22E5350000407385 /* PhotoTableViewController.swift */,
				A9BA332D22EEBB17004FCE5E /* Networking */,
				A977555C22E5358600407385 /* Helpers */,
				A977555922E534DC00407385 /* Model */,
				A977555822E534D600407385 /* Controller */,
				A977555722E534D000407385 /* View */,
				A977552C22E5298C00407385 /* Assets.xcassets */,
				A977555422E529D300407385 /* AppDelegate.swift */,
				A977552E22E5298C00407385 /* LaunchScreen.storyboard */,
				A977553122E5298C00407385 /* Info.plist */,
			);
			path = Manager;
			sourceTree = "<group>";
		};
		A977553922E5298C00407385 /* ManagerTests */ = {
			isa = PBXGroup;
			children = (
				A977553A22E5298C00407385 /* ManagerTests.swift */,
				A977553C22E5298C00407385 /* Info.plist */,
			);
			path = ManagerTests;
			sourceTree = "<group>";
		};
		A977554422E5298C00407385 /* ManagerUITests */ = {
			isa = PBXGroup;
			children = (
				A977554522E5298C00407385 /* ManagerUITests.swift */,
				A977554722E5298C00407385 /* Info.plist */,
			);
			path = ManagerUITests;
			sourceTree = "<group>";
		};
		A977555722E534D000407385 /* View */ = {
			isa = PBXGroup;
			children = (
				A9DE7DF12324E69100B5EE03 /* Animations */,
				A9DE7DB523235FAC00B5EE03 /* TabBar + NavigationBar */,
				A9DE7DB423235F9600B5EE03 /* Cells */,
				A977556122E538E800407385 /* LoginView.swift */,
				A971AF6D231621B800BAA34D /* HomeView.swift */,
				A9DE7DAC2323392500B5EE03 /* PhotoView.swift */,
				A9DE7DBA2323795300B5EE03 /* DetailPhotoView.swift */,
				A9DE7DC0232390A300B5EE03 /* DocumentsView.swift */,
			);
			path = View;
			sourceTree = "<group>";
		};
		A977555822E534D600407385 /* Controller */ = {
			isa = PBXGroup;
			children = (
				A977555322E529D300407385 /* LoginViewController.swift */,
				A971AF6B2316217700BAA34D /* HomeViewController.swift */,
				A9DE7DA023231A4800B5EE03 /* BubbleTabBarController.swift */,
				A9DE7DA82323304E00B5EE03 /* CustomNavigationController.swift */,
				A9DE7DAA2323390200B5EE03 /* PhotoViewController.swift */,
				A9DE7DB82323792E00B5EE03 /* DetailPhotoViewController.swift */,
				A9DE7DBE2323907C00B5EE03 /* DocumentsViewController.swift */,
			);
			path = Controller;
			sourceTree = "<group>";
		};
		A977555922E534DC00407385 /* Model */ = {
			isa = PBXGroup;
			children = (
				A9F4036922F696B900209D17 /* Token.swift */,
				A988D2212317ECA9004EDB42 /* HomeViewTab.swift */,
				A9DE7DDD2323C5D900B5EE03 /* MovieModel.swift */,
				A9DE7DE3232474A000B5EE03 /* Credentials.swift */,
				A9DE7DE7232475B400B5EE03 /* KeyChain.swift */,
			);
			path = Model;
			sourceTree = "<group>";
		};
		A977555C22E5358600407385 /* Helpers */ = {
			isa = PBXGroup;
			children = (
				A9DE7DD02323BE1800B5EE03 /* Errors */,
				A977555D22E5359500407385 /* Theme.swift */,
				A977555F22E536A600407385 /* UIColor.swift */,
				A977556322E5547E00407385 /* UITextField.swift */,
				A977556522E5681F00407385 /* UIView.swift */,
				A9BA332922EEA7E6004FCE5E /* ViewController.swift */,
				A9BA332B22EEAA25004FCE5E /* Protocols.swift */,
				A9DE7DE923248C3000B5EE03 /* UserDefaults.swift */,
				A9DE7DEB2324967900B5EE03 /* View.swift */,
			);
			path = Helpers;
			sourceTree = "<group>";
		};
		A9BA332D22EEBB17004FCE5E /* Networking */ = {
			isa = PBXGroup;
			children = (
				A9DE7DC72323BC3700B5EE03 /* Encoding */,
				A9DE7DC62323BC2400B5EE03 /* EndPoint */,
				A9DE7DC52323BC2100B5EE03 /* Manager */,
				A9DE7DC42323BC1D00B5EE03 /* Service */,
			);
			path = Networking;
			sourceTree = "<group>";
		};
		A9DE7DB423235F9600B5EE03 /* Cells */ = {
			isa = PBXGroup;
			children = (
				A9DE7DB0232351A200B5EE03 /* PhotoCell.swift */,
				A9DE7DB223235F5400B5EE03 /* CollectionViewHeader.swift */,
				A971AF7123162BD800BAA34D /* HomeCell.swift */,
				A9DE7DC22323978700B5EE03 /* FolderCell.swift */,
			);
			path = Cells;
			sourceTree = "<group>";
		};
		A9DE7DB523235FAC00B5EE03 /* TabBar + NavigationBar */ = {
			isa = PBXGroup;
			children = (
				A9DE7D9E23231A4800B5EE03 /* CBTabBarButton.swift */,
				A9DE7D9F23231A4800B5EE03 /* BubbleTabBar.swift */,
				A9DE7DA423231DEB00B5EE03 /* CustomNavigationBar.swift */,
			);
			path = "TabBar + NavigationBar";
			sourceTree = "<group>";
		};
		A9DE7DC42323BC1D00B5EE03 /* Service */ = {
			isa = PBXGroup;
			children = (
				A9DE7DC82323BC7000B5EE03 /* EndPointType.swift */,
				A9DE7DCA2323BCC700B5EE03 /* HTTPMethod.swift */,
				A9DE7DCC2323BCF800B5EE03 /* HTTPTask.swift */,
				A9DE7DD72323C0B500B5EE03 /* NetworkRouter.swift */,
				A9DE7DD92323C13300B5EE03 /* Router.swift */,
			);
			path = Service;
			sourceTree = "<group>";
		};
		A9DE7DC52323BC2100B5EE03 /* Manager */ = {
			isa = PBXGroup;
			children = (
				A9DE7DDF2323C66C00B5EE03 /* NetworkManager.swift */,
			);
			path = Manager;
			sourceTree = "<group>";
		};
		A9DE7DC62323BC2400B5EE03 /* EndPoint */ = {
			isa = PBXGroup;
			children = (
				A9DE7DDB2323C5B600B5EE03 /* AuthenticationEndPoint.swift */,
				A9DE7DED23249C5500B5EE03 /* FileSystemEndPoint.swift */,
			);
			path = EndPoint;
			sourceTree = "<group>";
		};
		A9DE7DC72323BC3700B5EE03 /* Encoding */ = {
			isa = PBXGroup;
			children = (
				A9DE7DCE2323BDAB00B5EE03 /* ParameterEncoding.swift */,
				A9DE7DD32323BE7F00B5EE03 /* URLParameterEncoder.swift */,
				A9DE7DD52323C01C00B5EE03 /* JSONParameterEncoder.swift */,
				A9DE7DE12323D4A300B5EE03 /* BasicAuthEncoding.swift */,
			);
			path = Encoding;
			sourceTree = "<group>";
		};
		A9DE7DD02323BE1800B5EE03 /* Errors */ = {
			isa = PBXGroup;
			children = (
				A9DE7DD12323BE2700B5EE03 /* NetworkError.swift */,
				A9DE7DE5232474D400B5EE03 /* KeyChainError.swift */,
			);
			path = Errors;
			sourceTree = "<group>";
		};
		A9DE7DF12324E69100B5EE03 /* Animations */ = {
			isa = PBXGroup;
			children = (
				A9DE7DF22324E6A600B5EE03 /* DetailViewTransition.swift */,
			);
			path = Animations;
			sourceTree = "<group>";
		};
/* End PBXGroup section */

/* Begin PBXNativeTarget section */
		A977552122E5298B00407385 /* Manager */ = {
			isa = PBXNativeTarget;
			buildConfigurationList = A977554A22E5298C00407385 /* Build configuration list for PBXNativeTarget "Manager" */;
			buildPhases = (
				A977551E22E5298B00407385 /* Sources */,
				A977551F22E5298B00407385 /* Frameworks */,
				A977552022E5298B00407385 /* Resources */,
			);
			buildRules = (
			);
			dependencies = (
			);
			name = Manager;
			productName = Manager;
			productReference = A977552222E5298B00407385 /* Manager.app */;
			productType = "com.apple.product-type.application";
		};
		A977553522E5298C00407385 /* ManagerTests */ = {
			isa = PBXNativeTarget;
			buildConfigurationList = A977554D22E5298C00407385 /* Build configuration list for PBXNativeTarget "ManagerTests" */;
			buildPhases = (
				A977553222E5298C00407385 /* Sources */,
				A977553322E5298C00407385 /* Frameworks */,
				A977553422E5298C00407385 /* Resources */,
			);
			buildRules = (
			);
			dependencies = (
				A977553822E5298C00407385 /* PBXTargetDependency */,
			);
			name = ManagerTests;
			productName = ManagerTests;
			productReference = A977553622E5298C00407385 /* ManagerTests.xctest */;
			productType = "com.apple.product-type.bundle.unit-test";
		};
		A977554022E5298C00407385 /* ManagerUITests */ = {
			isa = PBXNativeTarget;
			buildConfigurationList = A977555022E5298C00407385 /* Build configuration list for PBXNativeTarget "ManagerUITests" */;
			buildPhases = (
				A977553D22E5298C00407385 /* Sources */,
				A977553E22E5298C00407385 /* Frameworks */,
				A977553F22E5298C00407385 /* Resources */,
			);
			buildRules = (
			);
			dependencies = (
				A977554322E5298C00407385 /* PBXTargetDependency */,
			);
			name = ManagerUITests;
			productName = ManagerUITests;
			productReference = A977554122E5298C00407385 /* ManagerUITests.xctest */;
			productType = "com.apple.product-type.bundle.ui-testing";
		};
/* End PBXNativeTarget section */

/* Begin PBXProject section */
		A977551A22E5298B00407385 /* Project object */ = {
			isa = PBXProject;
			attributes = {
				LastSwiftUpdateCheck = 1020;
				LastUpgradeCheck = 1020;
				ORGANIZATIONNAME = "Laurens Van Mieghem";
				TargetAttributes = {
					A977552122E5298B00407385 = {
						CreatedOnToolsVersion = 10.2.1;
						LastSwiftMigration = 1020;
					};
					A977553522E5298C00407385 = {
						CreatedOnToolsVersion = 10.2.1;
						TestTargetID = A977552122E5298B00407385;
					};
					A977554022E5298C00407385 = {
						CreatedOnToolsVersion = 10.2.1;
						TestTargetID = A977552122E5298B00407385;
					};
				};
			};
			buildConfigurationList = A977551D22E5298B00407385 /* Build configuration list for PBXProject "Manager" */;
			compatibilityVersion = "Xcode 9.3";
			developmentRegion = en;
			hasScannedForEncodings = 0;
			knownRegions = (
				en,
				Base,
			);
			mainGroup = A977551922E5298B00407385;
			productRefGroup = A977552322E5298B00407385 /* Products */;
			projectDirPath = "";
			projectRoot = "";
			targets = (
				A977552122E5298B00407385 /* Manager */,
				A977553522E5298C00407385 /* ManagerTests */,
				A977554022E5298C00407385 /* ManagerUITests */,
			);
		};
/* End PBXProject section */

/* Begin PBXResourcesBuildPhase section */
		A977552022E5298B00407385 /* Resources */ = {
			isa = PBXResourcesBuildPhase;
			buildActionMask = 2147483647;
			files = (
				A977553022E5298C00407385 /* LaunchScreen.storyboard in Resources */,
				A977552D22E5298C00407385 /* Assets.xcassets in Resources */,
			);
			runOnlyForDeploymentPostprocessing = 0;
		};
		A977553422E5298C00407385 /* Resources */ = {
			isa = PBXResourcesBuildPhase;
			buildActionMask = 2147483647;
			files = (
			);
			runOnlyForDeploymentPostprocessing = 0;
		};
		A977553F22E5298C00407385 /* Resources */ = {
			isa = PBXResourcesBuildPhase;
			buildActionMask = 2147483647;
			files = (
			);
			runOnlyForDeploymentPostprocessing = 0;
		};
/* End PBXResourcesBuildPhase section */

/* Begin PBXSourcesBuildPhase section */
		A977551E22E5298B00407385 /* Sources */ = {
			isa = PBXSourcesBuildPhase;
			buildActionMask = 2147483647;
			files = (
				A9DE7DA92323304E00B5EE03 /* CustomNavigationController.swift in Sources */,
				A9DE7DB1232351A200B5EE03 /* PhotoCell.swift in Sources */,
				A977556622E5681F00407385 /* UIView.swift in Sources */,
				A9DE7DD82323C0B500B5EE03 /* NetworkRouter.swift in Sources */,
				A9DE7DAB2323390200B5EE03 /* PhotoViewController.swift in Sources */,
				A9DE7DDC2323C5B600B5EE03 /* AuthenticationEndPoint.swift in Sources */,
				A971AF6E231621B800BAA34D /* HomeView.swift in Sources */,
				A9DE7DE8232475B400B5EE03 /* KeyChain.swift in Sources */,
				A9DE7DDA2323C13300B5EE03 /* Router.swift in Sources */,
				A9DE7DEE23249C5500B5EE03 /* FileSystemEndPoint.swift in Sources */,
				A971AF7223162BD800BAA34D /* HomeCell.swift in Sources */,
				A977555622E529D300407385 /* AppDelegate.swift in Sources */,
				A977556222E538E800407385 /* LoginView.swift in Sources */,
				A9DE7DA523231DEB00B5EE03 /* CustomNavigationBar.swift in Sources */,
				A9DE7DDE2323C5D900B5EE03 /* MovieModel.swift in Sources */,
				A9DE7DEA23248C3000B5EE03 /* UserDefaults.swift in Sources */,
				A9F4036A22F696B900209D17 /* Token.swift in Sources */,
				A9DE7DEC2324967900B5EE03 /* View.swift in Sources */,
				A9DE7DC32323978700B5EE03 /* FolderCell.swift in Sources */,
				A9DE7DCB2323BCC700B5EE03 /* HTTPMethod.swift in Sources */,
				A9DE7DB323235F5400B5EE03 /* CollectionViewHeader.swift in Sources */,
				A9DE7DE4232474A000B5EE03 /* Credentials.swift in Sources */,
				A9DE7DC1232390A300B5EE03 /* DocumentsView.swift in Sources */,
				A9DE7DE02323C66C00B5EE03 /* NetworkManager.swift in Sources */,
				A9DE7DA323231A4800B5EE03 /* BubbleTabBarController.swift in Sources */,
				A9DE7DBF2323907C00B5EE03 /* DocumentsViewController.swift in Sources */,
				A988D2222317ECA9004EDB42 /* HomeViewTab.swift in Sources */,
				A9DE7DD22323BE2700B5EE03 /* NetworkError.swift in Sources */,
				A9DE7DD42323BE7F00B5EE03 /* URLParameterEncoder.swift in Sources */,
				A9DE7DCD2323BCF800B5EE03 /* HTTPTask.swift in Sources */,
				A9DE7DA123231A4800B5EE03 /* CBTabBarButton.swift in Sources */,
				A9DE7DC92323BC7000B5EE03 /* EndPointType.swift in Sources */,
				A9BA332A22EEA7E6004FCE5E /* ViewController.swift in Sources */,
				A977556422E5547E00407385 /* UITextField.swift in Sources */,
				A9DE7DAD2323392500B5EE03 /* PhotoView.swift in Sources */,
				A9DE7DCF2323BDAB00B5EE03 /* ParameterEncoding.swift in Sources */,
				A9BA332C22EEAA25004FCE5E /* Protocols.swift in Sources */,
				A9DE7DE6232474D400B5EE03 /* KeyChainError.swift in Sources */,
				A977555E22E5359500407385 /* Theme.swift in Sources */,
				A977555B22E5350000407385 /* PhotoTableViewController.swift in Sources */,
				A9DE7DA223231A4800B5EE03 /* BubbleTabBar.swift in Sources */,
				A9DE7DB92323792E00B5EE03 /* DetailPhotoViewController.swift in Sources */,
				A977555522E529D300407385 /* LoginViewController.swift in Sources */,
				A9DE7DD62323C01C00B5EE03 /* JSONParameterEncoder.swift in Sources */,
				A971AF6C2316217700BAA34D /* HomeViewController.swift in Sources */,
				A9DE7DF32324E6A600B5EE03 /* DetailViewTransition.swift in Sources */,
				A9DE7DE22323D4A300B5EE03 /* BasicAuthEncoding.swift in Sources */,
				A977556022E536A600407385 /* UIColor.swift in Sources */,
				A9DE7DBB2323795300B5EE03 /* DetailPhotoView.swift in Sources */,
			);
			runOnlyForDeploymentPostprocessing = 0;
		};
		A977553222E5298C00407385 /* Sources */ = {
			isa = PBXSourcesBuildPhase;
			buildActionMask = 2147483647;
			files = (
				A977553B22E5298C00407385 /* ManagerTests.swift in Sources */,
			);
			runOnlyForDeploymentPostprocessing = 0;
		};
		A977553D22E5298C00407385 /* Sources */ = {
			isa = PBXSourcesBuildPhase;
			buildActionMask = 2147483647;
			files = (
				A977554622E5298C00407385 /* ManagerUITests.swift in Sources */,
			);
			runOnlyForDeploymentPostprocessing = 0;
		};
/* End PBXSourcesBuildPhase section */

/* Begin PBXTargetDependency section */
		A977553822E5298C00407385 /* PBXTargetDependency */ = {
			isa = PBXTargetDependency;
			target = A977552122E5298B00407385 /* Manager */;
			targetProxy = A977553722E5298C00407385 /* PBXContainerItemProxy */;
		};
		A977554322E5298C00407385 /* PBXTargetDependency */ = {
			isa = PBXTargetDependency;
			target = A977552122E5298B00407385 /* Manager */;
			targetProxy = A977554222E5298C00407385 /* PBXContainerItemProxy */;
		};
/* End PBXTargetDependency section */

/* Begin PBXVariantGroup section */
		A977552E22E5298C00407385 /* LaunchScreen.storyboard */ = {
			isa = PBXVariantGroup;
			children = (
				A977552F22E5298C00407385 /* Base */,
			);
			name = LaunchScreen.storyboard;
			sourceTree = "<group>";
		};
/* End PBXVariantGroup section */

/* Begin XCBuildConfiguration section */
		A977554822E5298C00407385 /* Debug */ = {
			isa = XCBuildConfiguration;
			buildSettings = {
				ALWAYS_SEARCH_USER_PATHS = NO;
				CLANG_ANALYZER_NONNULL = YES;
				CLANG_ANALYZER_NUMBER_OBJECT_CONVERSION = YES_AGGRESSIVE;
				CLANG_CXX_LANGUAGE_STANDARD = "gnu++14";
				CLANG_CXX_LIBRARY = "libc++";
				CLANG_ENABLE_MODULES = YES;
				CLANG_ENABLE_OBJC_ARC = YES;
				CLANG_ENABLE_OBJC_WEAK = YES;
				CLANG_WARN_BLOCK_CAPTURE_AUTORELEASING = YES;
				CLANG_WARN_BOOL_CONVERSION = YES;
				CLANG_WARN_COMMA = YES;
				CLANG_WARN_CONSTANT_CONVERSION = YES;
				CLANG_WARN_DEPRECATED_OBJC_IMPLEMENTATIONS = YES;
				CLANG_WARN_DIRECT_OBJC_ISA_USAGE = YES_ERROR;
				CLANG_WARN_DOCUMENTATION_COMMENTS = YES;
				CLANG_WARN_EMPTY_BODY = YES;
				CLANG_WARN_ENUM_CONVERSION = YES;
				CLANG_WARN_INFINITE_RECURSION = YES;
				CLANG_WARN_INT_CONVERSION = YES;
				CLANG_WARN_NON_LITERAL_NULL_CONVERSION = YES;
				CLANG_WARN_OBJC_IMPLICIT_RETAIN_SELF = YES;
				CLANG_WARN_OBJC_LITERAL_CONVERSION = YES;
				CLANG_WARN_OBJC_ROOT_CLASS = YES_ERROR;
				CLANG_WARN_RANGE_LOOP_ANALYSIS = YES;
				CLANG_WARN_STRICT_PROTOTYPES = YES;
				CLANG_WARN_SUSPICIOUS_MOVE = YES;
				CLANG_WARN_UNGUARDED_AVAILABILITY = YES_AGGRESSIVE;
				CLANG_WARN_UNREACHABLE_CODE = YES;
				CLANG_WARN__DUPLICATE_METHOD_MATCH = YES;
				CODE_SIGN_IDENTITY = "iPhone Developer";
				COPY_PHASE_STRIP = NO;
				DEBUG_INFORMATION_FORMAT = dwarf;
				ENABLE_STRICT_OBJC_MSGSEND = YES;
				ENABLE_TESTABILITY = YES;
				GCC_C_LANGUAGE_STANDARD = gnu11;
				GCC_DYNAMIC_NO_PIC = NO;
				GCC_NO_COMMON_BLOCKS = YES;
				GCC_OPTIMIZATION_LEVEL = 0;
				GCC_PREPROCESSOR_DEFINITIONS = (
					"DEBUG=1",
					"$(inherited)",
				);
				GCC_WARN_64_TO_32_BIT_CONVERSION = YES;
				GCC_WARN_ABOUT_RETURN_TYPE = YES_ERROR;
				GCC_WARN_UNDECLARED_SELECTOR = YES;
				GCC_WARN_UNINITIALIZED_AUTOS = YES_AGGRESSIVE;
				GCC_WARN_UNUSED_FUNCTION = YES;
				GCC_WARN_UNUSED_VARIABLE = YES;
				IPHONEOS_DEPLOYMENT_TARGET = 12.2;
				MTL_ENABLE_DEBUG_INFO = INCLUDE_SOURCE;
				MTL_FAST_MATH = YES;
				ONLY_ACTIVE_ARCH = YES;
				SDKROOT = iphoneos;
				SWIFT_ACTIVE_COMPILATION_CONDITIONS = DEBUG;
				SWIFT_OPTIMIZATION_LEVEL = "-Onone";
			};
			name = Debug;
		};
		A977554922E5298C00407385 /* Release */ = {
			isa = XCBuildConfiguration;
			buildSettings = {
				ALWAYS_SEARCH_USER_PATHS = NO;
				CLANG_ANALYZER_NONNULL = YES;
				CLANG_ANALYZER_NUMBER_OBJECT_CONVERSION = YES_AGGRESSIVE;
				CLANG_CXX_LANGUAGE_STANDARD = "gnu++14";
				CLANG_CXX_LIBRARY = "libc++";
				CLANG_ENABLE_MODULES = YES;
				CLANG_ENABLE_OBJC_ARC = YES;
				CLANG_ENABLE_OBJC_WEAK = YES;
				CLANG_WARN_BLOCK_CAPTURE_AUTORELEASING = YES;
				CLANG_WARN_BOOL_CONVERSION = YES;
				CLANG_WARN_COMMA = YES;
				CLANG_WARN_CONSTANT_CONVERSION = YES;
				CLANG_WARN_DEPRECATED_OBJC_IMPLEMENTATIONS = YES;
				CLANG_WARN_DIRECT_OBJC_ISA_USAGE = YES_ERROR;
				CLANG_WARN_DOCUMENTATION_COMMENTS = YES;
				CLANG_WARN_EMPTY_BODY = YES;
				CLANG_WARN_ENUM_CONVERSION = YES;
				CLANG_WARN_INFINITE_RECURSION = YES;
				CLANG_WARN_INT_CONVERSION = YES;
				CLANG_WARN_NON_LITERAL_NULL_CONVERSION = YES;
				CLANG_WARN_OBJC_IMPLICIT_RETAIN_SELF = YES;
				CLANG_WARN_OBJC_LITERAL_CONVERSION = YES;
				CLANG_WARN_OBJC_ROOT_CLASS = YES_ERROR;
				CLANG_WARN_RANGE_LOOP_ANALYSIS = YES;
				CLANG_WARN_STRICT_PROTOTYPES = YES;
				CLANG_WARN_SUSPICIOUS_MOVE = YES;
				CLANG_WARN_UNGUARDED_AVAILABILITY = YES_AGGRESSIVE;
				CLANG_WARN_UNREACHABLE_CODE = YES;
				CLANG_WARN__DUPLICATE_METHOD_MATCH = YES;
				CODE_SIGN_IDENTITY = "iPhone Developer";
				COPY_PHASE_STRIP = NO;
				DEBUG_INFORMATION_FORMAT = "dwarf-with-dsym";
				ENABLE_NS_ASSERTIONS = NO;
				ENABLE_STRICT_OBJC_MSGSEND = YES;
				GCC_C_LANGUAGE_STANDARD = gnu11;
				GCC_NO_COMMON_BLOCKS = YES;
				GCC_WARN_64_TO_32_BIT_CONVERSION = YES;
				GCC_WARN_ABOUT_RETURN_TYPE = YES_ERROR;
				GCC_WARN_UNDECLARED_SELECTOR = YES;
				GCC_WARN_UNINITIALIZED_AUTOS = YES_AGGRESSIVE;
				GCC_WARN_UNUSED_FUNCTION = YES;
				GCC_WARN_UNUSED_VARIABLE = YES;
				IPHONEOS_DEPLOYMENT_TARGET = 12.2;
				MTL_ENABLE_DEBUG_INFO = NO;
				MTL_FAST_MATH = YES;
				SDKROOT = iphoneos;
				SWIFT_COMPILATION_MODE = wholemodule;
				SWIFT_OPTIMIZATION_LEVEL = "-O";
				VALIDATE_PRODUCT = YES;
			};
			name = Release;
		};
		A977554B22E5298C00407385 /* Debug */ = {
			isa = XCBuildConfiguration;
			buildSettings = {
				ASSETCATALOG_COMPILER_APPICON_NAME = AppIcon;
				CLANG_ENABLE_MODULES = YES;
				CODE_SIGN_STYLE = Automatic;
				INFOPLIST_FILE = Manager/Info.plist;
				LD_RUNPATH_SEARCH_PATHS = (
					"$(inherited)",
					"@executable_path/Frameworks",
				);
				PRODUCT_BUNDLE_IDENTIFIER = com.laurensvm.Manager;
				PRODUCT_NAME = "$(TARGET_NAME)";
				SWIFT_OPTIMIZATION_LEVEL = "-Onone";
				SWIFT_VERSION = 5.0;
				TARGETED_DEVICE_FAMILY = "1,2";
			};
			name = Debug;
		};
		A977554C22E5298C00407385 /* Release */ = {
			isa = XCBuildConfiguration;
			buildSettings = {
				ASSETCATALOG_COMPILER_APPICON_NAME = AppIcon;
				CLANG_ENABLE_MODULES = YES;
				CODE_SIGN_STYLE = Automatic;
				INFOPLIST_FILE = Manager/Info.plist;
				LD_RUNPATH_SEARCH_PATHS = (
					"$(inherited)",
					"@executable_path/Frameworks",
				);
				PRODUCT_BUNDLE_IDENTIFIER = com.laurensvm.Manager;
				PRODUCT_NAME = "$(TARGET_NAME)";
				SWIFT_VERSION = 5.0;
				TARGETED_DEVICE_FAMILY = "1,2";
			};
			name = Release;
		};
		A977554E22E5298C00407385 /* Debug */ = {
			isa = XCBuildConfiguration;
			buildSettings = {
				ALWAYS_EMBED_SWIFT_STANDARD_LIBRARIES = YES;
				BUNDLE_LOADER = "$(TEST_HOST)";
				CODE_SIGN_STYLE = Automatic;
				INFOPLIST_FILE = ManagerTests/Info.plist;
				LD_RUNPATH_SEARCH_PATHS = (
					"$(inherited)",
					"@executable_path/Frameworks",
					"@loader_path/Frameworks",
				);
				PRODUCT_BUNDLE_IDENTIFIER = com.laurensvm.ManagerTests;
				PRODUCT_NAME = "$(TARGET_NAME)";
				SWIFT_VERSION = 5.0;
				TARGETED_DEVICE_FAMILY = "1,2";
				TEST_HOST = "$(BUILT_PRODUCTS_DIR)/Manager.app/Manager";
			};
			name = Debug;
		};
		A977554F22E5298C00407385 /* Release */ = {
			isa = XCBuildConfiguration;
			buildSettings = {
				ALWAYS_EMBED_SWIFT_STANDARD_LIBRARIES = YES;
				BUNDLE_LOADER = "$(TEST_HOST)";
				CODE_SIGN_STYLE = Automatic;
				INFOPLIST_FILE = ManagerTests/Info.plist;
				LD_RUNPATH_SEARCH_PATHS = (
					"$(inherited)",
					"@executable_path/Frameworks",
					"@loader_path/Frameworks",
				);
				PRODUCT_BUNDLE_IDENTIFIER = com.laurensvm.ManagerTests;
				PRODUCT_NAME = "$(TARGET_NAME)";
				SWIFT_VERSION = 5.0;
				TARGETED_DEVICE_FAMILY = "1,2";
				TEST_HOST = "$(BUILT_PRODUCTS_DIR)/Manager.app/Manager";
			};
			name = Release;
		};
		A977555122E5298C00407385 /* Debug */ = {
			isa = XCBuildConfiguration;
			buildSettings = {
				ALWAYS_EMBED_SWIFT_STANDARD_LIBRARIES = YES;
				CODE_SIGN_STYLE = Automatic;
				INFOPLIST_FILE = ManagerUITests/Info.plist;
				LD_RUNPATH_SEARCH_PATHS = (
					"$(inherited)",
					"@executable_path/Frameworks",
					"@loader_path/Frameworks",
				);
				PRODUCT_BUNDLE_IDENTIFIER = com.laurensvm.ManagerUITests;
				PRODUCT_NAME = "$(TARGET_NAME)";
				SWIFT_VERSION = 5.0;
				TARGETED_DEVICE_FAMILY = "1,2";
				TEST_TARGET_NAME = Manager;
			};
			name = Debug;
		};
		A977555222E5298C00407385 /* Release */ = {
			isa = XCBuildConfiguration;
			buildSettings = {
				ALWAYS_EMBED_SWIFT_STANDARD_LIBRARIES = YES;
				CODE_SIGN_STYLE = Automatic;
				INFOPLIST_FILE = ManagerUITests/Info.plist;
				LD_RUNPATH_SEARCH_PATHS = (
					"$(inherited)",
					"@executable_path/Frameworks",
					"@loader_path/Frameworks",
				);
				PRODUCT_BUNDLE_IDENTIFIER = com.laurensvm.ManagerUITests;
				PRODUCT_NAME = "$(TARGET_NAME)";
				SWIFT_VERSION = 5.0;
				TARGETED_DEVICE_FAMILY = "1,2";
				TEST_TARGET_NAME = Manager;
			};
			name = Release;
		};
/* End XCBuildConfiguration section */

/* Begin XCConfigurationList section */
		A977551D22E5298B00407385 /* Build configuration list for PBXProject "Manager" */ = {
			isa = XCConfigurationList;
			buildConfigurations = (
				A977554822E5298C00407385 /* Debug */,
				A977554922E5298C00407385 /* Release */,
			);
			defaultConfigurationIsVisible = 0;
			defaultConfigurationName = Release;
		};
		A977554A22E5298C00407385 /* Build configuration list for PBXNativeTarget "Manager" */ = {
			isa = XCConfigurationList;
			buildConfigurations = (
				A977554B22E5298C00407385 /* Debug */,
				A977554C22E5298C00407385 /* Release */,
			);
			defaultConfigurationIsVisible = 0;
			defaultConfigurationName = Release;
		};
		A977554D22E5298C00407385 /* Build configuration list for PBXNativeTarget "ManagerTests" */ = {
			isa = XCConfigurationList;
			buildConfigurations = (
				A977554E22E5298C00407385 /* Debug */,
				A977554F22E5298C00407385 /* Release */,
			);
			defaultConfigurationIsVisible = 0;
			defaultConfigurationName = Release;
		};
		A977555022E5298C00407385 /* Build configuration list for PBXNativeTarget "ManagerUITests" */ = {
			isa = XCConfigurationList;
			buildConfigurations = (
				A977555122E5298C00407385 /* Debug */,
				A977555222E5298C00407385 /* Release */,
			);
			defaultConfigurationIsVisible = 0;
			defaultConfigurationName = Release;
		};
/* End XCConfigurationList section */
	};
	rootObject = A977551A22E5298B00407385 /* Project object */;
}
